// !$*UTF8*$!
{
	archiveVersion = 1;
	classes = {
	};
	objectVersion = 56;
	objects = {

/* Begin PBXBuildFile section */
		CCC8B23E29E65BE400821850 /* DeepLinksApp.swift in Sources */ = {isa = PBXBuildFile; fileRef = CCC8B23D29E65BE400821850 /* DeepLinksApp.swift */; };
		CCC8B24029E65BE400821850 /* ContentView.swift in Sources */ = {isa = PBXBuildFile; fileRef = CCC8B23F29E65BE400821850 /* ContentView.swift */; };
		CCC8B24229E65BE500821850 /* Assets.xcassets in Resources */ = {isa = PBXBuildFile; fileRef = CCC8B24129E65BE500821850 /* Assets.xcassets */; };
		CCC8B24529E65BE500821850 /* Preview Assets.xcassets in Resources */ = {isa = PBXBuildFile; fileRef = CCC8B24429E65BE500821850 /* Preview Assets.xcassets */; };
		CCC8B25029E65C9D00821850 /* Tab.swift in Sources */ = {isa = PBXBuildFile; fileRef = CCC8B24F29E65C9D00821850 /* Tab.swift */; };
		CCC8B25329E65D9100821850 /* HomeStack.swift in Sources */ = {isa = PBXBuildFile; fileRef = CCC8B25229E65D9100821850 /* HomeStack.swift */; };
		CCC8B25529E65DA500821850 /* FavoritesStack.swift in Sources */ = {isa = PBXBuildFile; fileRef = CCC8B25429E65DA500821850 /* FavoritesStack.swift */; };
		CCC8B25729E65DAF00821850 /* SettingsStack.swift in Sources */ = {isa = PBXBuildFile; fileRef = CCC8B25629E65DAF00821850 /* SettingsStack.swift */; };
		CCC8B25929E6606000821850 /* AppData.swift in Sources */ = {isa = PBXBuildFile; fileRef = CCC8B25829E6606000821850 /* AppData.swift */; };
		CCC8B25B29E6613F00821850 /* Home.swift in Sources */ = {isa = PBXBuildFile; fileRef = CCC8B25A29E6613F00821850 /* Home.swift */; };
/* End PBXBuildFile section */

/* Begin PBXFileReference section */
		CCC8B23A29E65BE400821850 /* DeepLinks.app */ = {isa = PBXFileReference; explicitFileType = wrapper.application; includeInIndex = 0; path = DeepLinks.app; sourceTree = BUILT_PRODUCTS_DIR; };
		CCC8B23D29E65BE400821850 /* DeepLinksApp.swift */ = {isa = PBXFileReference; lastKnownFileType = sourcecode.swift; path = DeepLinksApp.swift; sourceTree = "<group>"; };
		CCC8B23F29E65BE400821850 /* ContentView.swift */ = {isa = PBXFileReference; lastKnownFileType = sourcecode.swift; path = ContentView.swift; sourceTree = "<group>"; };
		CCC8B24129E65BE500821850 /* Assets.xcassets */ = {isa = PBXFileReference; lastKnownFileType = folder.assetcatalog; path = Assets.xcassets; sourceTree = "<group>"; };
		CCC8B24429E65BE500821850 /* Preview Assets.xcassets */ = {isa = PBXFileReference; lastKnownFileType = folder.assetcatalog; path = "Preview Assets.xcassets"; sourceTree = "<group>"; };
		CCC8B24F29E65C9D00821850 /* Tab.swift */ = {isa = PBXFileReference; lastKnownFileType = sourcecode.swift; path = Tab.swift; sourceTree = "<group>"; };
		CCC8B25229E65D9100821850 /* HomeStack.swift */ = {isa = PBXFileReference; lastKnownFileType = sourcecode.swift; path = HomeStack.swift; sourceTree = "<group>"; };
		CCC8B25429E65DA500821850 /* FavoritesStack.swift */ = {isa = PBXFileReference; lastKnownFileType = sourcecode.swift; path = FavoritesStack.swift; sourceTree = "<group>"; };
		CCC8B25629E65DAF00821850 /* SettingsStack.swift */ = {isa = PBXFileReference; lastKnownFileType = sourcecode.swift; path = SettingsStack.swift; sourceTree = "<group>"; };
		CCC8B25829E6606000821850 /* AppData.swift */ = {isa = PBXFileReference; lastKnownFileType = sourcecode.swift; path = AppData.swift; sourceTree = "<group>"; };
		CCC8B25A29E6613F00821850 /* Home.swift */ = {isa = PBXFileReference; lastKnownFileType = sourcecode.swift; path = Home.swift; sourceTree = "<group>"; };
		CCC8B25C29E67BFF00821850 /* Info.plist */ = {isa = PBXFileReference; lastKnownFileType = text.plist; path = Info.plist; sourceTree = "<group>"; };
/* End PBXFileReference section */

/* Begin PBXFrameworksBuildPhase section */
		CCC8B23729E65BE400821850 /* Frameworks */ = {
			isa = PBXFrameworksBuildPhase;
			buildActionMask = 2147483647;
			files = (
			);
			runOnlyForDeploymentPostprocessing = 0;
		};
/* End PBXFrameworksBuildPhase section */

/* Begin PBXGroup section */
		CCC8B23129E65BE400821850 = {
			isa = PBXGroup;
			children = (
				CCC8B23C29E65BE400821850 /* DeepLinks */,
				CCC8B23B29E65BE400821850 /* Products */,
			);
			sourceTree = "<group>";
		};
		CCC8B23B29E65BE400821850 /* Products */ = {
			isa = PBXGroup;
			children = (
				CCC8B23A29E65BE400821850 /* DeepLinks.app */,
			);
			name = Products;
			sourceTree = "<group>";
		};
		CCC8B23C29E65BE400821850 /* DeepLinks */ = {
			isa = PBXGroup;
			children = (
				CCC8B25C29E67BFF00821850 /* Info.plist */,
				CCC8B23D29E65BE400821850 /* DeepLinksApp.swift */,
				CCC8B23F29E65BE400821850 /* ContentView.swift */,
				CCC8B24C29E65C7500821850 /* Model */,
				CCC8B24B29E65C6F00821850 /* View */,
				CCC8B24129E65BE500821850 /* Assets.xcassets */,
				CCC8B24329E65BE500821850 /* Preview Content */,
			);
			path = DeepLinks;
			sourceTree = "<group>";
		};
		CCC8B24329E65BE500821850 /* Preview Content */ = {
			isa = PBXGroup;
			children = (
				CCC8B24429E65BE500821850 /* Preview Assets.xcassets */,
			);
			path = "Preview Content";
			sourceTree = "<group>";
		};
		CCC8B24B29E65C6F00821850 /* View */ = {
			isa = PBXGroup;
			children = (
				CCC8B25A29E6613F00821850 /* Home.swift */,
			);
			path = View;
			sourceTree = "<group>";
		};
		CCC8B24C29E65C7500821850 /* Model */ = {
			isa = PBXGroup;
			children = (
				CCC8B25129E65D8300821850 /* NavStacks */,
				CCC8B24F29E65C9D00821850 /* Tab.swift */,
				CCC8B25829E6606000821850 /* AppData.swift */,
			);
			path = Model;
			sourceTree = "<group>";
		};
		CCC8B25129E65D8300821850 /* NavStacks */ = {
			isa = PBXGroup;
			children = (
				CCC8B25229E65D9100821850 /* HomeStack.swift */,
				CCC8B25429E65DA500821850 /* FavoritesStack.swift */,
				CCC8B25629E65DAF00821850 /* SettingsStack.swift */,
			);
			path = NavStacks;
			sourceTree = "<group>";
		};
/* End PBXGroup section */

/* Begin PBXNativeTarget section */
		CCC8B23929E65BE400821850 /* DeepLinks */ = {
			isa = PBXNativeTarget;
			buildConfigurationList = CCC8B24829E65BE500821850 /* Build configuration list for PBXNativeTarget "DeepLinks" */;
			buildPhases = (
				CCC8B23629E65BE400821850 /* Sources */,
				CCC8B23729E65BE400821850 /* Frameworks */,
				CCC8B23829E65BE400821850 /* Resources */,
			);
			buildRules = (
			);
			dependencies = (
			);
			name = DeepLinks;
			productName = DeepLinks;
			productReference = CCC8B23A29E65BE400821850 /* DeepLinks.app */;
			productType = "com.apple.product-type.application";
		};
/* End PBXNativeTarget section */

/* Begin PBXProject section */
		CCC8B23229E65BE400821850 /* Project object */ = {
			isa = PBXProject;
			attributes = {
				BuildIndependentTargetsInParallel = 1;
				LastSwiftUpdateCheck = 1430;
				LastUpgradeCheck = 1430;
				TargetAttributes = {
					CCC8B23929E65BE400821850 = {
						CreatedOnToolsVersion = 14.3;
					};
				};
			};
			buildConfigurationList = CCC8B23529E65BE400821850 /* Build configuration list for PBXProject "DeepLinks" */;
			compatibilityVersion = "Xcode 14.0";
			developmentRegion = en;
			hasScannedForEncodings = 0;
			knownRegions = (
				en,
				Base,
			);
			mainGroup = CCC8B23129E65BE400821850;
			productRefGroup = CCC8B23B29E65BE400821850 /* Products */;
			projectDirPath = "";
			projectRoot = "";
			targets = (
				CCC8B23929E65BE400821850 /* DeepLinks */,
			);
		};
/* End PBXProject section */

/* Begin PBXResourcesBuildPhase section */
		CCC8B23829E65BE400821850 /* Resources */ = {
			isa = PBXResourcesBuildPhase;
			buildActionMask = 2147483647;
			files = (
				CCC8B24529E65BE500821850 /* Preview Assets.xcassets in Resources */,
				CCC8B24229E65BE500821850 /* Assets.xcassets in Resources */,
			);
			runOnlyForDeploymentPostprocessing = 0;
		};
/* End PBXResourcesBuildPhase section */

/* Begin PBXSourcesBuildPhase section */
		CCC8B23629E65BE400821850 /* Sources */ = {
			isa = PBXSourcesBuildPhase;
			buildActionMask = 2147483647;
			files = (
				CCC8B25529E65DA500821850 /* FavoritesStack.swift in Sources */,
				CCC8B25729E65DAF00821850 /* SettingsStack.swift in Sources */,
				CCC8B24029E65BE400821850 /* ContentView.swift in Sources */,
				CCC8B25329E65D9100821850 /* HomeStack.swift in Sources */,
				CCC8B23E29E65BE400821850 /* DeepLinksApp.swift in Sources */,
				CCC8B25029E65C9D00821850 /* Tab.swift in Sources */,
				CCC8B25B29E6613F00821850 /* Home.swift in Sources */,
				CCC8B25929E6606000821850 /* AppData.swift in Sources */,
			);
			runOnlyForDeploymentPostprocessing = 0;
		};
/* End PBXSourcesBuildPhase section */

/* Begin XCBuildConfiguration section */
		CCC8B24629E65BE500821850 /* Debug */ = {
			isa = XCBuildConfiguration;
			buildSettings = {
				ALWAYS_SEARCH_USER_PATHS = NO;
				CLANG_ANALYZER_NONNULL = YES;
				CLANG_ANALYZER_NUMBER_OBJECT_CONVERSION = YES_AGGRESSIVE;
				CLANG_CXX_LANGUAGE_STANDARD = "gnu++20";
				CLANG_ENABLE_MODULES = YES;
				CLANG_ENABLE_OBJC_ARC = YES;
				CLANG_ENABLE_OBJC_WEAK = YES;
				CLANG_WARN_BLOCK_CAPTURE_AUTORELEASING = YES;
				CLANG_WARN_BOOL_CONVERSION = YES;
				CLANG_WARN_COMMA = YES;
				CLANG_WARN_CONSTANT_CONVERSION = YES;
				CLANG_WARN_DEPRECATED_OBJC_IMPLEMENTATIONS = YES;
				CLANG_WARN_DIRECT_OBJC_ISA_USAGE = YES_ERROR;
				CLANG_WARN_DOCUMENTATION_COMMENTS = YES;
				CLANG_WARN_EMPTY_BODY = YES;
				CLANG_WARN_ENUM_CONVERSION = YES;
				CLANG_WARN_INFINITE_RECURSION = YES;
				CLANG_WARN_INT_CONVERSION = YES;
				CLANG_WARN_NON_LITERAL_NULL_CONVERSION = YES;
				CLANG_WARN_OBJC_IMPLICIT_RETAIN_SELF = YES;
				CLANG_WARN_OBJC_LITERAL_CONVERSION = YES;
				CLANG_WARN_OBJC_ROOT_CLASS = YES_ERROR;
				CLANG_WARN_QUOTED_INCLUDE_IN_FRAMEWORK_HEADER = YES;
				CLANG_WARN_RANGE_LOOP_ANALYSIS = YES;
				CLANG_WARN_STRICT_PROTOTYPES = YES;
				CLANG_WARN_SUSPICIOUS_MOVE = YES;
				CLANG_WARN_UNGUARDED_AVAILABILITY = YES_AGGRESSIVE;
				CLANG_WARN_UNREACHABLE_CODE = YES;
				CLANG_WARN__DUPLICATE_METHOD_MATCH = YES;
				COPY_PHASE_STRIP = NO;
				DEBUG_INFORMATION_FORMAT = dwarf;
				ENABLE_STRICT_OBJC_MSGSEND = YES;
				ENABLE_TESTABILITY = YES;
				GCC_C_LANGUAGE_STANDARD = gnu11;
				GCC_DYNAMIC_NO_PIC = NO;
				GCC_NO_COMMON_BLOCKS = YES;
				GCC_OPTIMIZATION_LEVEL = 0;
				GCC_PREPROCESSOR_DEFINITIONS = (
					"DEBUG=1",
					"$(inherited)",
				);
				GCC_WARN_64_TO_32_BIT_CONVERSION = YES;
				GCC_WARN_ABOUT_RETURN_TYPE = YES_ERROR;
				GCC_WARN_UNDECLARED_SELECTOR = YES;
				GCC_WARN_UNINITIALIZED_AUTOS = YES_AGGRESSIVE;
				GCC_WARN_UNUSED_FUNCTION = YES;
				GCC_WARN_UNUSED_VARIABLE = YES;
				IPHONEOS_DEPLOYMENT_TARGET = 16.4;
				MTL_ENABLE_DEBUG_INFO = INCLUDE_SOURCE;
				MTL_FAST_MATH = YES;
				ONLY_ACTIVE_ARCH = YES;
				SDKROOT = iphoneos;
				SWIFT_ACTIVE_COMPILATION_CONDITIONS = DEBUG;
				SWIFT_OPTIMIZATION_LEVEL = "-Onone";
			};
			name = Debug;
		};
		CCC8B24729E65BE500821850 /* Release */ = {
			isa = XCBuildConfiguration;
			buildSettings = {
				ALWAYS_SEARCH_USER_PATHS = NO;
				CLANG_ANALYZER_NONNULL = YES;
				CLANG_ANALYZER_NUMBER_OBJECT_CONVERSION = YES_AGGRESSIVE;
				CLANG_CXX_LANGUAGE_STANDARD = "gnu++20";
				CLANG_ENABLE_MODULES = YES;
				CLANG_ENABLE_OBJC_ARC = YES;
				CLANG_ENABLE_OBJC_WEAK = YES;
				CLANG_WARN_BLOCK_CAPTURE_AUTORELEASING = YES;
				CLANG_WARN_BOOL_CONVERSION = YES;
				CLANG_WARN_COMMA = YES;
				CLANG_WARN_CONSTANT_CONVERSION = YES;
				CLANG_WARN_DEPRECATED_OBJC_IMPLEMENTATIONS = YES;
				CLANG_WARN_DIRECT_OBJC_ISA_USAGE = YES_ERROR;
				CLANG_WARN_DOCUMENTATION_COMMENTS = YES;
				CLANG_WARN_EMPTY_BODY = YES;
				CLANG_WARN_ENUM_CONVERSION = YES;
				CLANG_WARN_INFINITE_RECURSION = YES;
				CLANG_WARN_INT_CONVERSION = YES;
				CLANG_WARN_NON_LITERAL_NULL_CONVERSION = YES;
				CLANG_WARN_OBJC_IMPLICIT_RETAIN_SELF = YES;
				CLANG_WARN_OBJC_LITERAL_CONVERSION = YES;
				CLANG_WARN_OBJC_ROOT_CLASS = YES_ERROR;
				CLANG_WARN_QUOTED_INCLUDE_IN_FRAMEWORK_HEADER = YES;
				CLANG_WARN_RANGE_LOOP_ANALYSIS = YES;
				CLANG_WARN_STRICT_PROTOTYPES = YES;
				CLANG_WARN_SUSPICIOUS_MOVE = YES;
				CLANG_WARN_UNGUARDED_AVAILABILITY = YES_AGGRESSIVE;
				CLANG_WARN_UNREACHABLE_CODE = YES;
				CLANG_WARN__DUPLICATE_METHOD_MATCH = YES;
				COPY_PHASE_STRIP = NO;
				DEBUG_INFORMATION_FORMAT = "dwarf-with-dsym";
				ENABLE_NS_ASSERTIONS = NO;
				ENABLE_STRICT_OBJC_MSGSEND = YES;
				GCC_C_LANGUAGE_STANDARD = gnu11;
				GCC_NO_COMMON_BLOCKS = YES;
				GCC_WARN_64_TO_32_BIT_CONVERSION = YES;
				GCC_WARN_ABOUT_RETURN_TYPE = YES_ERROR;
				GCC_WARN_UNDECLARED_SELECTOR = YES;
				GCC_WARN_UNINITIALIZED_AUTOS = YES_AGGRESSIVE;
				GCC_WARN_UNUSED_FUNCTION = YES;
				GCC_WARN_UNUSED_VARIABLE = YES;
				IPHONEOS_DEPLOYMENT_TARGET = 16.4;
				MTL_ENABLE_DEBUG_INFO = NO;
				MTL_FAST_MATH = YES;
				SDKROOT = iphoneos;
				SWIFT_COMPILATION_MODE = wholemodule;
				SWIFT_OPTIMIZATION_LEVEL = "-O";
				VALIDATE_PRODUCT = YES;
			};
			name = Release;
		};
		CCC8B24929E65BE500821850 /* Debug */ = {
			isa = XCBuildConfiguration;
			buildSettings = {
				ASSETCATALOG_COMPILER_APPICON_NAME = AppIcon;
				ASSETCATALOG_COMPILER_GLOBAL_ACCENT_COLOR_NAME = AccentColor;
				CODE_SIGN_STYLE = Automatic;
				CURRENT_PROJECT_VERSION = 1;
				DEVELOPMENT_ASSET_PATHS = "\"DeepLinks/Preview Content\"";
				DEVELOPMENT_TEAM = Q528HJU2Y4;
				ENABLE_PREVIEWS = YES;
				GENERATE_INFOPLIST_FILE = YES;
				INFOPLIST_FILE = DeepLinks/Info.plist;
				INFOPLIST_KEY_UIApplicationSceneManifest_Generation = YES;
				INFOPLIST_KEY_UIApplicationSupportsIndirectInputEvents = YES;
				INFOPLIST_KEY_UILaunchScreen_Generation = YES;
				INFOPLIST_KEY_UISupportedInterfaceOrientations_iPad = "UIInterfaceOrientationPortrait UIInterfaceOrientationPortraitUpsideDown UIInterfaceOrientationLandscapeLeft UIInterfaceOrientationLandscapeRight";
				INFOPLIST_KEY_UISupportedInterfaceOrientations_iPhone = "UIInterfaceOrientationPortrait UIInterfaceOrientationLandscapeLeft UIInterfaceOrientationLandscapeRight";
				LD_RUNPATH_SEARCH_PATHS = (
					"$(inherited)",
					"@executable_path/Frameworks",
				);
				MARKETING_VERSION = 1.0;
				PRODUCT_BUNDLE_IDENTIFIER = com.nsjoker.DeepLinks;
				PRODUCT_NAME = "$(TARGET_NAME)";
				SWIFT_EMIT_LOC_STRINGS = YES;
				SWIFT_VERSION = 5.0;
				TARGETED_DEVICE_FAMILY = "1,2";
			};
			name = Debug;
		};
		CCC8B24A29E65BE500821850 /* Release */ = {
			isa = XCBuildConfiguration;
			buildSettings = {
				ASSETCATALOG_COMPILER_APPICON_NAME = AppIcon;
				ASSETCATALOG_COMPILER_GLOBAL_ACCENT_COLOR_NAME = AccentColor;
				CODE_SIGN_STYLE = Automatic;
				CURRENT_PROJECT_VERSION = 1;
				DEVELOPMENT_ASSET_PATHS = "\"DeepLinks/Preview Content\"";
				DEVELOPMENT_TEAM = Q528HJU2Y4;
				ENABLE_PREVIEWS = YES;
				GENERATE_INFOPLIST_FILE = YES;
				INFOPLIST_FILE = DeepLinks/Info.plist;
				INFOPLIST_KEY_UIApplicationSceneManifest_Generation = YES;
				INFOPLIST_KEY_UIApplicationSupportsIndirectInputEvents = YES;
				INFOPLIST_KEY_UILaunchScreen_Generation = YES;
				INFOPLIST_KEY_UISupportedInterfaceOrientations_iPad = "UIInterfaceOrientationPortrait UIInterfaceOrientationPortraitUpsideDown UIInterfaceOrientationLandscapeLeft UIInterfaceOrientationLandscapeRight";
				INFOPLIST_KEY_UISupportedInterfaceOrientations_iPhone = "UIInterfaceOrientationPortrait UIInterfaceOrientationLandscapeLeft UIInterfaceOrientationLandscapeRight";
				LD_RUNPATH_SEARCH_PATHS = (
					"$(inherited)",
					"@executable_path/Frameworks",
				);
				MARKETING_VERSION = 1.0;
				PRODUCT_BUNDLE_IDENTIFIER = com.nsjoker.DeepLinks;
				PRODUCT_NAME = "$(TARGET_NAME)";
				SWIFT_EMIT_LOC_STRINGS = YES;
				SWIFT_VERSION = 5.0;
				TARGETED_DEVICE_FAMILY = "1,2";
			};
			name = Release;
		};
/* End XCBuildConfiguration section */

/* Begin XCConfigurationList section */
		CCC8B23529E65BE400821850 /* Build configuration list for PBXProject "DeepLinks" */ = {
			isa = XCConfigurationList;
			buildConfigurations = (
				CCC8B24629E65BE500821850 /* Debug */,
				CCC8B24729E65BE500821850 /* Release */,
			);
			defaultConfigurationIsVisible = 0;
			defaultConfigurationName = Release;
		};
		CCC8B24829E65BE500821850 /* Build configuration list for PBXNativeTarget "DeepLinks" */ = {
			isa = XCConfigurationList;
			buildConfigurations = (
				CCC8B24929E65BE500821850 /* Debug */,
				CCC8B24A29E65BE500821850 /* Release */,
			);
			defaultConfigurationIsVisible = 0;
			defaultConfigurationName = Release;
		};
/* End XCConfigurationList section */
	};
	rootObject = CCC8B23229E65BE400821850 /* Project object */;
}
